// !$*UTF8*$!
{
	archiveVersion = 1;
	classes = {
	};
	objectVersion = 56;
	objects = {

/* Begin PBXBuildFile section */
		14F2DEE02A78B923000D98D7 /* AppDelegate.swift in Sources */ = {isa = PBXBuildFile; fileRef = 14F2DEDF2A78B923000D98D7 /* AppDelegate.swift */; };
		14F2DEE42A78B923000D98D7 /* LoginViewController.swift in Sources */ = {isa = PBXBuildFile; fileRef = 14F2DEE32A78B923000D98D7 /* LoginViewController.swift */; };
		14F2DEE92A78B925000D98D7 /* Assets.xcassets in Resources */ = {isa = PBXBuildFile; fileRef = 14F2DEE82A78B925000D98D7 /* Assets.xcassets */; };
		14F2DEEC2A78B925000D98D7 /* LaunchScreen.storyboard in Resources */ = {isa = PBXBuildFile; fileRef = 14F2DEEA2A78B925000D98D7 /* LaunchScreen.storyboard */; };
		14F2DEF62A898FE4000D98D7 /* LoginView.swift in Sources */ = {isa = PBXBuildFile; fileRef = 14F2DEF52A898FE4000D98D7 /* LoginView.swift */; };
		14F2DEFA2A91919E000D98D7 /* OnboardingContainerViewController.swift in Sources */ = {isa = PBXBuildFile; fileRef = 14F2DEF92A91919E000D98D7 /* OnboardingContainerViewController.swift */; };
		14F2DEFC2A9195DC000D98D7 /* OnboardingViewController.swift in Sources */ = {isa = PBXBuildFile; fileRef = 14F2DEFB2A9195DC000D98D7 /* OnboardingViewController.swift */; };
		14F2DEFE2A92CF30000D98D7 /* DummyViewController.swift in Sources */ = {isa = PBXBuildFile; fileRef = 14F2DEFD2A92CF30000D98D7 /* DummyViewController.swift */; };
		14F2DF012A92D7AF000D98D7 /* LocalState.swift in Sources */ = {isa = PBXBuildFile; fileRef = 14F2DF002A92D7AF000D98D7 /* LocalState.swift */; };
		14F2DF032A92E16D000D98D7 /* UIViewController+Utils.swift in Sources */ = {isa = PBXBuildFile; fileRef = 14F2DF022A92E16D000D98D7 /* UIViewController+Utils.swift */; };
		14F2DF052A92E2CB000D98D7 /* MainViewController.swift in Sources */ = {isa = PBXBuildFile; fileRef = 14F2DF042A92E2CB000D98D7 /* MainViewController.swift */; };
		14F2DF082A9325B2000D98D7 /* AccountSummaryViewController.swift in Sources */ = {isa = PBXBuildFile; fileRef = 14F2DF072A9325B2000D98D7 /* AccountSummaryViewController.swift */; };
		14F2DF0A2A932941000D98D7 /* AccountSummaryHeaderView.swift in Sources */ = {isa = PBXBuildFile; fileRef = 14F2DF092A932941000D98D7 /* AccountSummaryHeaderView.swift */; };
		14F2DF0C2A93296E000D98D7 /* AccountSummaryHeaderView.xib in Resources */ = {isa = PBXBuildFile; fileRef = 14F2DF0B2A93296E000D98D7 /* AccountSummaryHeaderView.xib */; };
		14F2DF122A95BACE000D98D7 /* AccountSummaryCell.swift in Sources */ = {isa = PBXBuildFile; fileRef = 14F2DF112A95BACE000D98D7 /* AccountSummaryCell.swift */; };
/* End PBXBuildFile section */

/* Begin PBXFileReference section */
		14F2DEDC2A78B923000D98D7 /* Bankey.app */ = {isa = PBXFileReference; explicitFileType = wrapper.application; includeInIndex = 0; path = Bankey.app; sourceTree = BUILT_PRODUCTS_DIR; };
		14F2DEDF2A78B923000D98D7 /* AppDelegate.swift */ = {isa = PBXFileReference; lastKnownFileType = sourcecode.swift; path = AppDelegate.swift; sourceTree = "<group>"; };
		14F2DEE32A78B923000D98D7 /* LoginViewController.swift */ = {isa = PBXFileReference; lastKnownFileType = sourcecode.swift; path = LoginViewController.swift; sourceTree = "<group>"; };
		14F2DEE82A78B925000D98D7 /* Assets.xcassets */ = {isa = PBXFileReference; lastKnownFileType = folder.assetcatalog; path = Assets.xcassets; sourceTree = "<group>"; };
		14F2DEEB2A78B925000D98D7 /* Base */ = {isa = PBXFileReference; lastKnownFileType = file.storyboard; name = Base; path = Base.lproj/LaunchScreen.storyboard; sourceTree = "<group>"; };
		14F2DEED2A78B925000D98D7 /* Info.plist */ = {isa = PBXFileReference; lastKnownFileType = text.plist.xml; path = Info.plist; sourceTree = "<group>"; };
		14F2DEF52A898FE4000D98D7 /* LoginView.swift */ = {isa = PBXFileReference; lastKnownFileType = sourcecode.swift; path = LoginView.swift; sourceTree = "<group>"; };
		14F2DEF72A899176000D98D7 /* ios-professional-course-main */ = {isa = PBXFileReference; lastKnownFileType = folder; name = "ios-professional-course-main"; path = "../ios-professional-course/ios-professional-course-main"; sourceTree = "<group>"; };
		14F2DEF92A91919E000D98D7 /* OnboardingContainerViewController.swift */ = {isa = PBXFileReference; lastKnownFileType = sourcecode.swift; path = OnboardingContainerViewController.swift; sourceTree = "<group>"; };
		14F2DEFB2A9195DC000D98D7 /* OnboardingViewController.swift */ = {isa = PBXFileReference; lastKnownFileType = sourcecode.swift; path = OnboardingViewController.swift; sourceTree = "<group>"; };
		14F2DEFD2A92CF30000D98D7 /* DummyViewController.swift */ = {isa = PBXFileReference; lastKnownFileType = sourcecode.swift; path = DummyViewController.swift; sourceTree = "<group>"; };
		14F2DF002A92D7AF000D98D7 /* LocalState.swift */ = {isa = PBXFileReference; lastKnownFileType = sourcecode.swift; path = LocalState.swift; sourceTree = "<group>"; };
		14F2DF022A92E16D000D98D7 /* UIViewController+Utils.swift */ = {isa = PBXFileReference; lastKnownFileType = sourcecode.swift; path = "UIViewController+Utils.swift"; sourceTree = "<group>"; };
		14F2DF042A92E2CB000D98D7 /* MainViewController.swift */ = {isa = PBXFileReference; lastKnownFileType = sourcecode.swift; path = MainViewController.swift; sourceTree = "<group>"; };
		14F2DF072A9325B2000D98D7 /* AccountSummaryViewController.swift */ = {isa = PBXFileReference; lastKnownFileType = sourcecode.swift; path = AccountSummaryViewController.swift; sourceTree = "<group>"; };
		14F2DF092A932941000D98D7 /* AccountSummaryHeaderView.swift */ = {isa = PBXFileReference; lastKnownFileType = sourcecode.swift; path = AccountSummaryHeaderView.swift; sourceTree = "<group>"; };
		14F2DF0B2A93296E000D98D7 /* AccountSummaryHeaderView.xib */ = {isa = PBXFileReference; lastKnownFileType = file.xib; path = AccountSummaryHeaderView.xib; sourceTree = "<group>"; };
		14F2DF112A95BACE000D98D7 /* AccountSummaryCell.swift */ = {isa = PBXFileReference; lastKnownFileType = sourcecode.swift; path = AccountSummaryCell.swift; sourceTree = "<group>"; };
/* End PBXFileReference section */

/* Begin PBXFrameworksBuildPhase section */
		14F2DED92A78B923000D98D7 /* Frameworks */ = {
			isa = PBXFrameworksBuildPhase;
			buildActionMask = 2147483647;
			files = (
			);
			runOnlyForDeploymentPostprocessing = 0;
		};
/* End PBXFrameworksBuildPhase section */

/* Begin PBXGroup section */
		14F2DED32A78B922000D98D7 = {
			isa = PBXGroup;
			children = (
				14F2DEDE2A78B923000D98D7 /* Bankey */,
				14F2DEF72A899176000D98D7 /* ios-professional-course-main */,
				14F2DEDD2A78B923000D98D7 /* Products */,
			);
			sourceTree = "<group>";
		};
		14F2DEDD2A78B923000D98D7 /* Products */ = {
			isa = PBXGroup;
			children = (
				14F2DEDC2A78B923000D98D7 /* Bankey.app */,
			);
			name = Products;
			sourceTree = "<group>";
		};
		14F2DEDE2A78B923000D98D7 /* Bankey */ = {
			isa = PBXGroup;
			children = (
				14F2DEDF2A78B923000D98D7 /* AppDelegate.swift */,
				14F2DF042A92E2CB000D98D7 /* MainViewController.swift */,
				14F2DEF42A898FB2000D98D7 /* Login */,
				14F2DEF82A919163000D98D7 /* Onboarding */,
				14F2DF062A932591000D98D7 /* AccountSummary */,
				14F2DEFF2A92D7A4000D98D7 /* Utils */,
				14F2DEF32A898F88000D98D7 /* Files */,
			);
			path = Bankey;
			sourceTree = "<group>";
		};
		14F2DEF32A898F88000D98D7 /* Files */ = {
			isa = PBXGroup;
			children = (
				14F2DEE82A78B925000D98D7 /* Assets.xcassets */,
				14F2DEEA2A78B925000D98D7 /* LaunchScreen.storyboard */,
				14F2DEED2A78B925000D98D7 /* Info.plist */,
			);
			name = Files;
			sourceTree = "<group>";
		};
		14F2DEF42A898FB2000D98D7 /* Login */ = {
			isa = PBXGroup;
			children = (
				14F2DEE32A78B923000D98D7 /* LoginViewController.swift */,
				14F2DEF52A898FE4000D98D7 /* LoginView.swift */,
				14F2DEFD2A92CF30000D98D7 /* DummyViewController.swift */,
			);
			path = Login;
			sourceTree = "<group>";
		};
		14F2DEF82A919163000D98D7 /* Onboarding */ = {
			isa = PBXGroup;
			children = (
				14F2DEF92A91919E000D98D7 /* OnboardingContainerViewController.swift */,
				14F2DEFB2A9195DC000D98D7 /* OnboardingViewController.swift */,
			);
			path = Onboarding;
			sourceTree = "<group>";
		};
		14F2DEFF2A92D7A4000D98D7 /* Utils */ = {
			isa = PBXGroup;
			children = (
				14F2DF002A92D7AF000D98D7 /* LocalState.swift */,
				14F2DF022A92E16D000D98D7 /* UIViewController+Utils.swift */,
			);
			path = Utils;
			sourceTree = "<group>";
		};
		14F2DF062A932591000D98D7 /* AccountSummary */ = {
			isa = PBXGroup;
			children = (
				14F2DF072A9325B2000D98D7 /* AccountSummaryViewController.swift */,
				14F2DF0F2A95BA8A000D98D7 /* Header */,
				14F2DF102A95BAAF000D98D7 /* Cells */,
			);
			path = AccountSummary;
			sourceTree = "<group>";
		};
		14F2DF0F2A95BA8A000D98D7 /* Header */ = {
			isa = PBXGroup;
			children = (
				14F2DF092A932941000D98D7 /* AccountSummaryHeaderView.swift */,
				14F2DF0B2A93296E000D98D7 /* AccountSummaryHeaderView.xib */,
			);
			path = Header;
			sourceTree = "<group>";
		};
		14F2DF102A95BAAF000D98D7 /* Cells */ = {
			isa = PBXGroup;
			children = (
				14F2DF112A95BACE000D98D7 /* AccountSummaryCell.swift */,
			);
			path = Cells;
			sourceTree = "<group>";
		};
/* End PBXGroup section */

/* Begin PBXNativeTarget section */
		14F2DEDB2A78B923000D98D7 /* Bankey */ = {
			isa = PBXNativeTarget;
			buildConfigurationList = 14F2DEF02A78B925000D98D7 /* Build configuration list for PBXNativeTarget "Bankey" */;
			buildPhases = (
				14F2DED82A78B923000D98D7 /* Sources */,
				14F2DED92A78B923000D98D7 /* Frameworks */,
				14F2DEDA2A78B923000D98D7 /* Resources */,
			);
			buildRules = (
			);
			dependencies = (
			);
			name = Bankey;
			productName = Bankey;
			productReference = 14F2DEDC2A78B923000D98D7 /* Bankey.app */;
			productType = "com.apple.product-type.application";
		};
/* End PBXNativeTarget section */

/* Begin PBXProject section */
		14F2DED42A78B922000D98D7 /* Project object */ = {
			isa = PBXProject;
			attributes = {
				BuildIndependentTargetsInParallel = 1;
				LastSwiftUpdateCheck = 1430;
				LastUpgradeCheck = 1430;
				TargetAttributes = {
					14F2DEDB2A78B923000D98D7 = {
						CreatedOnToolsVersion = 14.3.1;
					};
				};
			};
			buildConfigurationList = 14F2DED72A78B922000D98D7 /* Build configuration list for PBXProject "Bankey" */;
			compatibilityVersion = "Xcode 14.0";
			developmentRegion = en;
			hasScannedForEncodings = 0;
			knownRegions = (
				en,
				Base,
			);
			mainGroup = 14F2DED32A78B922000D98D7;
			productRefGroup = 14F2DEDD2A78B923000D98D7 /* Products */;
			projectDirPath = "";
			projectRoot = "";
			targets = (
				14F2DEDB2A78B923000D98D7 /* Bankey */,
			);
		};
/* End PBXProject section */

/* Begin PBXResourcesBuildPhase section */
		14F2DEDA2A78B923000D98D7 /* Resources */ = {
			isa = PBXResourcesBuildPhase;
			buildActionMask = 2147483647;
			files = (
				14F2DF0C2A93296E000D98D7 /* AccountSummaryHeaderView.xib in Resources */,
				14F2DEEC2A78B925000D98D7 /* LaunchScreen.storyboard in Resources */,
				14F2DEE92A78B925000D98D7 /* Assets.xcassets in Resources */,
			);
			runOnlyForDeploymentPostprocessing = 0;
		};
/* End PBXResourcesBuildPhase section */

/* Begin PBXSourcesBuildPhase section */
		14F2DED82A78B923000D98D7 /* Sources */ = {
			isa = PBXSourcesBuildPhase;
			buildActionMask = 2147483647;
			files = (
				14F2DF032A92E16D000D98D7 /* UIViewController+Utils.swift in Sources */,
				14F2DEF62A898FE4000D98D7 /* LoginView.swift in Sources */,
				14F2DF012A92D7AF000D98D7 /* LocalState.swift in Sources */,
				14F2DF0A2A932941000D98D7 /* AccountSummaryHeaderView.swift in Sources */,
				14F2DEFE2A92CF30000D98D7 /* DummyViewController.swift in Sources */,
				14F2DEE42A78B923000D98D7 /* LoginViewController.swift in Sources */,
				14F2DF122A95BACE000D98D7 /* AccountSummaryCell.swift in Sources */,
				14F2DEFC2A9195DC000D98D7 /* OnboardingViewController.swift in Sources */,
				14F2DF052A92E2CB000D98D7 /* MainViewController.swift in Sources */,
				14F2DF082A9325B2000D98D7 /* AccountSummaryViewController.swift in Sources */,
				14F2DEE02A78B923000D98D7 /* AppDelegate.swift in Sources */,
				14F2DEFA2A91919E000D98D7 /* OnboardingContainerViewController.swift in Sources */,
			);
			runOnlyForDeploymentPostprocessing = 0;
		};
/* End PBXSourcesBuildPhase section */

/* Begin PBXVariantGroup section */
		14F2DEEA2A78B925000D98D7 /* LaunchScreen.storyboard */ = {
			isa = PBXVariantGroup;
			children = (
				14F2DEEB2A78B925000D98D7 /* Base */,
			);
			name = LaunchScreen.storyboard;
			sourceTree = "<group>";
		};
/* End PBXVariantGroup section */

/* Begin XCBuildConfiguration section */
		14F2DEEE2A78B925000D98D7 /* Debug */ = {
			isa = XCBuildConfiguration;
			buildSettings = {
				ALWAYS_SEARCH_USER_PATHS = NO;
				CLANG_ANALYZER_NONNULL = YES;
				CLANG_ANALYZER_NUMBER_OBJECT_CONVERSION = YES_AGGRESSIVE;
				CLANG_CXX_LANGUAGE_STANDARD = "gnu++20";
				CLANG_ENABLE_MODULES = YES;
				CLANG_ENABLE_OBJC_ARC = YES;
				CLANG_ENABLE_OBJC_WEAK = YES;
				CLANG_WARN_BLOCK_CAPTURE_AUTORELEASING = YES;
				CLANG_WARN_BOOL_CONVERSION = YES;
				CLANG_WARN_COMMA = YES;
				CLANG_WARN_CONSTANT_CONVERSION = YES;
				CLANG_WARN_DEPRECATED_OBJC_IMPLEMENTATIONS = YES;
				CLANG_WARN_DIRECT_OBJC_ISA_USAGE = YES_ERROR;
				CLANG_WARN_DOCUMENTATION_COMMENTS = YES;
				CLANG_WARN_EMPTY_BODY = YES;
				CLANG_WARN_ENUM_CONVERSION = YES;
				CLANG_WARN_INFINITE_RECURSION = YES;
				CLANG_WARN_INT_CONVERSION = YES;
				CLANG_WARN_NON_LITERAL_NULL_CONVERSION = YES;
				CLANG_WARN_OBJC_IMPLICIT_RETAIN_SELF = YES;
				CLANG_WARN_OBJC_LITERAL_CONVERSION = YES;
				CLANG_WARN_OBJC_ROOT_CLASS = YES_ERROR;
				CLANG_WARN_QUOTED_INCLUDE_IN_FRAMEWORK_HEADER = YES;
				CLANG_WARN_RANGE_LOOP_ANALYSIS = YES;
				CLANG_WARN_STRICT_PROTOTYPES = YES;
				CLANG_WARN_SUSPICIOUS_MOVE = YES;
				CLANG_WARN_UNGUARDED_AVAILABILITY = YES_AGGRESSIVE;
				CLANG_WARN_UNREACHABLE_CODE = YES;
				CLANG_WARN__DUPLICATE_METHOD_MATCH = YES;
				COPY_PHASE_STRIP = NO;
				DEBUG_INFORMATION_FORMAT = dwarf;
				ENABLE_STRICT_OBJC_MSGSEND = YES;
				ENABLE_TESTABILITY = YES;
				GCC_C_LANGUAGE_STANDARD = gnu11;
				GCC_DYNAMIC_NO_PIC = NO;
				GCC_NO_COMMON_BLOCKS = YES;
				GCC_OPTIMIZATION_LEVEL = 0;
				GCC_PREPROCESSOR_DEFINITIONS = (
					"DEBUG=1",
					"$(inherited)",
				);
				GCC_WARN_64_TO_32_BIT_CONVERSION = YES;
				GCC_WARN_ABOUT_RETURN_TYPE = YES_ERROR;
				GCC_WARN_UNDECLARED_SELECTOR = YES;
				GCC_WARN_UNINITIALIZED_AUTOS = YES_AGGRESSIVE;
				GCC_WARN_UNUSED_FUNCTION = YES;
				GCC_WARN_UNUSED_VARIABLE = YES;
				IPHONEOS_DEPLOYMENT_TARGET = 16.4;
				MTL_ENABLE_DEBUG_INFO = INCLUDE_SOURCE;
				MTL_FAST_MATH = YES;
				ONLY_ACTIVE_ARCH = YES;
				SDKROOT = iphoneos;
				SWIFT_ACTIVE_COMPILATION_CONDITIONS = DEBUG;
				SWIFT_OPTIMIZATION_LEVEL = "-Onone";
			};
			name = Debug;
		};
		14F2DEEF2A78B925000D98D7 /* Release */ = {
			isa = XCBuildConfiguration;
			buildSettings = {
				ALWAYS_SEARCH_USER_PATHS = NO;
				CLANG_ANALYZER_NONNULL = YES;
				CLANG_ANALYZER_NUMBER_OBJECT_CONVERSION = YES_AGGRESSIVE;
				CLANG_CXX_LANGUAGE_STANDARD = "gnu++20";
				CLANG_ENABLE_MODULES = YES;
				CLANG_ENABLE_OBJC_ARC = YES;
				CLANG_ENABLE_OBJC_WEAK = YES;
				CLANG_WARN_BLOCK_CAPTURE_AUTORELEASING = YES;
				CLANG_WARN_BOOL_CONVERSION = YES;
				CLANG_WARN_COMMA = YES;
				CLANG_WARN_CONSTANT_CONVERSION = YES;
				CLANG_WARN_DEPRECATED_OBJC_IMPLEMENTATIONS = YES;
				CLANG_WARN_DIRECT_OBJC_ISA_USAGE = YES_ERROR;
				CLANG_WARN_DOCUMENTATION_COMMENTS = YES;
				CLANG_WARN_EMPTY_BODY = YES;
				CLANG_WARN_ENUM_CONVERSION = YES;
				CLANG_WARN_INFINITE_RECURSION = YES;
				CLANG_WARN_INT_CONVERSION = YES;
				CLANG_WARN_NON_LITERAL_NULL_CONVERSION = YES;
				CLANG_WARN_OBJC_IMPLICIT_RETAIN_SELF = YES;
				CLANG_WARN_OBJC_LITERAL_CONVERSION = YES;
				CLANG_WARN_OBJC_ROOT_CLASS = YES_ERROR;
				CLANG_WARN_QUOTED_INCLUDE_IN_FRAMEWORK_HEADER = YES;
				CLANG_WARN_RANGE_LOOP_ANALYSIS = YES;
				CLANG_WARN_STRICT_PROTOTYPES = YES;
				CLANG_WARN_SUSPICIOUS_MOVE = YES;
				CLANG_WARN_UNGUARDED_AVAILABILITY = YES_AGGRESSIVE;
				CLANG_WARN_UNREACHABLE_CODE = YES;
				CLANG_WARN__DUPLICATE_METHOD_MATCH = YES;
				COPY_PHASE_STRIP = NO;
				DEBUG_INFORMATION_FORMAT = "dwarf-with-dsym";
				ENABLE_NS_ASSERTIONS = NO;
				ENABLE_STRICT_OBJC_MSGSEND = YES;
				GCC_C_LANGUAGE_STANDARD = gnu11;
				GCC_NO_COMMON_BLOCKS = YES;
				GCC_WARN_64_TO_32_BIT_CONVERSION = YES;
				GCC_WARN_ABOUT_RETURN_TYPE = YES_ERROR;
				GCC_WARN_UNDECLARED_SELECTOR = YES;
				GCC_WARN_UNINITIALIZED_AUTOS = YES_AGGRESSIVE;
				GCC_WARN_UNUSED_FUNCTION = YES;
				GCC_WARN_UNUSED_VARIABLE = YES;
				IPHONEOS_DEPLOYMENT_TARGET = 16.4;
				MTL_ENABLE_DEBUG_INFO = NO;
				MTL_FAST_MATH = YES;
				SDKROOT = iphoneos;
				SWIFT_COMPILATION_MODE = wholemodule;
				SWIFT_OPTIMIZATION_LEVEL = "-O";
				VALIDATE_PRODUCT = YES;
			};
			name = Release;
		};
		14F2DEF12A78B925000D98D7 /* Debug */ = {
			isa = XCBuildConfiguration;
			buildSettings = {
				ASSETCATALOG_COMPILER_APPICON_NAME = AppIcon;
				ASSETCATALOG_COMPILER_GLOBAL_ACCENT_COLOR_NAME = AccentColor;
				CODE_SIGN_STYLE = Automatic;
				CURRENT_PROJECT_VERSION = 1;
				DEVELOPMENT_TEAM = 4F6L88Y27V;
				GENERATE_INFOPLIST_FILE = YES;
				INFOPLIST_FILE = Bankey/Info.plist;
				INFOPLIST_KEY_UIApplicationSupportsIndirectInputEvents = YES;
				INFOPLIST_KEY_UILaunchStoryboardName = LaunchScreen;
				INFOPLIST_KEY_UISupportedInterfaceOrientations_iPad = "UIInterfaceOrientationPortrait UIInterfaceOrientationPortraitUpsideDown UIInterfaceOrientationLandscapeLeft UIInterfaceOrientationLandscapeRight";
				INFOPLIST_KEY_UISupportedInterfaceOrientations_iPhone = "UIInterfaceOrientationPortrait UIInterfaceOrientationLandscapeLeft UIInterfaceOrientationLandscapeRight";
				LD_RUNPATH_SEARCH_PATHS = (
					"$(inherited)",
					"@executable_path/Frameworks",
				);
				MARKETING_VERSION = 1.0;
				PRODUCT_BUNDLE_IDENTIFIER = com.dolphinbyte.Bankey;
				PRODUCT_NAME = "$(TARGET_NAME)";
				SWIFT_EMIT_LOC_STRINGS = YES;
				SWIFT_VERSION = 5.0;
				TARGETED_DEVICE_FAMILY = "1,2";
			};
			name = Debug;
		};
		14F2DEF22A78B925000D98D7 /* Release */ = {
			isa = XCBuildConfiguration;
			buildSettings = {
				ASSETCATALOG_COMPILER_APPICON_NAME = AppIcon;
				ASSETCATALOG_COMPILER_GLOBAL_ACCENT_COLOR_NAME = AccentColor;
				CODE_SIGN_STYLE = Automatic;
				CURRENT_PROJECT_VERSION = 1;
				DEVELOPMENT_TEAM = 4F6L88Y27V;
				GENERATE_INFOPLIST_FILE = YES;
				INFOPLIST_FILE = Bankey/Info.plist;
				INFOPLIST_KEY_UIApplicationSupportsIndirectInputEvents = YES;
				INFOPLIST_KEY_UILaunchStoryboardName = LaunchScreen;
				INFOPLIST_KEY_UISupportedInterfaceOrientations_iPad = "UIInterfaceOrientationPortrait UIInterfaceOrientationPortraitUpsideDown UIInterfaceOrientationLandscapeLeft UIInterfaceOrientationLandscapeRight";
				INFOPLIST_KEY_UISupportedInterfaceOrientations_iPhone = "UIInterfaceOrientationPortrait UIInterfaceOrientationLandscapeLeft UIInterfaceOrientationLandscapeRight";
				LD_RUNPATH_SEARCH_PATHS = (
					"$(inherited)",
					"@executable_path/Frameworks",
				);
				MARKETING_VERSION = 1.0;
				PRODUCT_BUNDLE_IDENTIFIER = com.dolphinbyte.Bankey;
				PRODUCT_NAME = "$(TARGET_NAME)";
				SWIFT_EMIT_LOC_STRINGS = YES;
				SWIFT_VERSION = 5.0;
				TARGETED_DEVICE_FAMILY = "1,2";
			};
			name = Release;
		};
/* End XCBuildConfiguration section */

/* Begin XCConfigurationList section */
		14F2DED72A78B922000D98D7 /* Build configuration list for PBXProject "Bankey" */ = {
			isa = XCConfigurationList;
			buildConfigurations = (
				14F2DEEE2A78B925000D98D7 /* Debug */,
				14F2DEEF2A78B925000D98D7 /* Release */,
			);
			defaultConfigurationIsVisible = 0;
			defaultConfigurationName = Release;
		};
		14F2DEF02A78B925000D98D7 /* Build configuration list for PBXNativeTarget "Bankey" */ = {
			isa = XCConfigurationList;
			buildConfigurations = (
				14F2DEF12A78B925000D98D7 /* Debug */,
				14F2DEF22A78B925000D98D7 /* Release */,
			);
			defaultConfigurationIsVisible = 0;
			defaultConfigurationName = Release;
		};
/* End XCConfigurationList section */
	};
	rootObject = 14F2DED42A78B922000D98D7 /* Project object */;
}
